{
  "name": "vanilla-football-leagues",
  "version": "1.0.0",
  "lockfileVersion": 3,
  "requires": true,
  "packages": {
    "": {
      "name": "vanilla-football-leagues",
      "version": "1.0.0",
      "license": "ISC",
      "dependencies": {
        "@prismicio/client": "^7.11.1",
        "@prismicio/helpers": "^2.3.9"
      }
    },
    "node_modules/@prismicio/client": {
      "version": "7.11.1",
      "resolved": "https://registry.npmjs.org/@prismicio/client/-/client-7.11.1.tgz",
      "integrity": "sha512-AkBi1uGHr42gA6zahB1MgfrerQKNFfBtau/Q23bhAImrp0XQUCLjqQVFTqYxcvJITfV0HIK5YnumdNekbXHYFQ==",
      "license": "Apache-2.0",
      "dependencies": {
        "imgix-url-builder": "^0.0.5"
      },
      "engines": {
        "node": ">=14.15.0"
      }
    },
    "node_modules/@prismicio/helpers": {
      "version": "2.3.9",
      "resolved": "https://registry.npmjs.org/@prismicio/helpers/-/helpers-2.3.9.tgz",
      "integrity": "sha512-p7Y1sG83A2YPZvptfAzuZA8xH1bdM2wGRjqSKW9Qa0rAnBq2OfVKRvwl9OMCZML4eLUMxSEUAEWRVSoKpQnJvA==",
      "license": "Apache-2.0",
      "dependencies": {
        "@prismicio/richtext": "^2.1.4",
        "@prismicio/types": "^0.2.7",
        "imgix-url-builder": "^0.0.3"
      },
      "engines": {
        "node": ">=12.7.0"
      }
    },
    "node_modules/@prismicio/helpers/node_modules/imgix-url-builder": {
      "version": "0.0.3",
      "resolved": "https://registry.npmjs.org/imgix-url-builder/-/imgix-url-builder-0.0.3.tgz",
      "integrity": "sha512-8Oc2Cn4+jF06sEfJcVPlWYfD2F6RjrwIMbk1xEzux8unoB5LsvFc/GL1BQ47HPaeE12ReX2nMUcjUslGYWLxHA==",
      "license": "Apache-2.0",
      "engines": {
        "node": ">=12.7.0"
      }
    },
    "node_modules/@prismicio/richtext": {
      "version": "2.1.5",
      "resolved": "https://registry.npmjs.org/@prismicio/richtext/-/richtext-2.1.5.tgz",
      "integrity": "sha512-Sf6iCsciPmfK3uQeFmeY9RTRSuhrCVzyU39OkiJ1VJn8O0531pKapGoWS+5WGxouJtE5+jGqV8L+L2mKP7NkXQ==",
      "license": "Apache-2.0",
      "dependencies": {
        "@prismicio/types": "^0.2.7"
      },
      "engines": {
        "node": ">=12.7.0"
      }
    },
    "node_modules/@prismicio/types": {
      "version": "0.2.9",
      "resolved": "https://registry.npmjs.org/@prismicio/types/-/types-0.2.9.tgz",
      "integrity": "sha512-1uhHnZTiGeCi+rmO507B8jtnUTCNetdgrC5sfZEw9zsCplfgBELt0+BN1RFsXWLbZbyvR9xzHcrJ87Ykqa8JZA==",
      "license": "Apache-2.0",
      "engines": {
        "node": ">=12.7.0"
      }
    },
    "node_modules/imgix-url-builder": {
      "version": "0.0.5",
      "resolved": "https://registry.npmjs.org/imgix-url-builder/-/imgix-url-builder-0.0.5.tgz",
      "integrity": "sha512-dCx3UlXghtsjySoqVCcHQHRikqDummwQEfKlxBUK/wrMzd+1ox/XX+zhqVuXKMVuZvCc84pVLEJyntQB0OOi/w==",
      "license": "Apache-2.0",
      "engines": {
        "node": ">=12.7.0"
      }
    }
  }
}
